
Microsoft Visual Studio Solution File, Format Version 12.00
# Visual Studio Version 17
VisualStudioVersion = 17.5.33530.505
MinimumVisualStudioVersion = 10.0.40219.1
Project("{FAE04EC0-301F-11D3-BF4B-00C04F79EFBC}") = "DrCrApp", "DrCrApp\DrCrApp.csproj", "{CBE0B3DC-2A07-41EE-8D69-36A0D2C60D4B}"
EndProject
Project("{FAE04EC0-301F-11D3-BF4B-00C04F79EFBC}") = "Helper", "Helper\Helper.csproj", "{BFA7451B-1FF9-4A35-B4F5-EBC4DAF627B3}"
EndProject
Project("{FAE04EC0-301F-11D3-BF4B-00C04F79EFBC}") = "Models", "Models\Models.csproj", "{3325964F-962F-49C5-A431-21A4DB8971E6}"
EndProject
Project("{FAE04EC0-301F-11D3-BF4B-00C04F79EFBC}") = "Service", "Service\Service.csproj", "{D6B43D3D-FC6A-4183-8852-7F096F429214}"
EndProject
Global
	GlobalSection(SolutionConfigurationPlatforms) = preSolution
		Debug|Any CPU = Debug|Any CPU
		Release|Any CPU = Release|Any CPU
	EndGlobalSection
	GlobalSection(ProjectConfigurationPlatforms) = postSolution
		{CBE0B3DC-2A07-41EE-8D69-36A0D2C60D4B}.Debug|Any CPU.ActiveCfg = Debug|Any CPU
		{CBE0B3DC-2A07-41EE-8D69-36A0D2C60D4B}.Debug|Any CPU.Build.0 = Debug|Any CPU
		{CBE0B3DC-2A07-41EE-8D69-36A0D2C60D4B}.Release|Any CPU.ActiveCfg = Release|Any CPU
		{CBE0B3DC-2A07-41EE-8D69-36A0D2C60D4B}.Release|Any CPU.Build.0 = Release|Any CPU
		{BFA7451B-1FF9-4A35-B4F5-EBC4DAF627B3}.Debug|Any CPU.ActiveCfg = Debug|Any CPU
		{BFA7451B-1FF9-4A35-B4F5-EBC4DAF627B3}.Debug|Any CPU.Build.0 = Debug|Any CPU
		{BFA7451B-1FF9-4A35-B4F5-EBC4DAF627B3}.Release|Any CPU.ActiveCfg = Release|Any CPU
		{BFA7451B-1FF9-4A35-B4F5-EBC4DAF627B3}.Release|Any CPU.Build.0 = Release|Any CPU
		{3325964F-962F-49C5-A431-21A4DB8971E6}.Debug|Any CPU.ActiveCfg = Debug|Any CPU
		{3325964F-962F-49C5-A431-21A4DB8971E6}.Debug|Any CPU.Build.0 = Debug|Any CPU
		{3325964F-962F-49C5-A431-21A4DB8971E6}.Release|Any CPU.ActiveCfg = Release|Any CPU
		{3325964F-962F-49C5-A431-21A4DB8971E6}.Release|Any CPU.Build.0 = Release|Any CPU
		{D6B43D3D-FC6A-4183-8852-7F096F429214}.Debug|Any CPU.ActiveCfg = Debug|Any CPU
		{D6B43D3D-FC6A-4183-8852-7F096F429214}.Debug|Any CPU.Build.0 = Debug|Any CPU
		{D6B43D3D-FC6A-4183-8852-7F096F429214}.Release|Any CPU.ActiveCfg = Release|Any CPU
		{D6B43D3D-FC6A-4183-8852-7F096F429214}.Release|Any CPU.Build.0 = Release|Any CPU
	EndGlobalSection
	GlobalSection(SolutionProperties) = preSolution
		HideSolutionNode = FALSE
	EndGlobalSection
	GlobalSection(ExtensibilityGlobals) = postSolution
		SolutionGuid = {ABA63269-A608-4825-BDF9-4F225ADDCBD2}
	EndGlobalSection
EndGlobal
